Microsoft Visual Studio Solution File, Format Version 12.00
# Visual Studio Version 17
VisualStudioVersion = 17.5.2.0
MinimumVisualStudioVersion = 10.0.40219.1
Project("{FAE04EC0-301F-11D3-BF4B-00C04F79EFBC}") = "NkatekoBarberWeb", "NkatekoBarberWeb.csproj", "{15071333-DE19-80C3-B13C-6244878AEA3B}"
EndProject
Global
	GlobalSection(SolutionConfigurationPlatforms) = preSolution
		Debug|Any CPU = Debug|Any CPU
		Release|Any CPU = Release|Any CPU
	EndGlobalSection
	GlobalSection(ProjectConfigurationPlatforms) = postSolution
		{15071333-DE19-80C3-B13C-6244878AEA3B}.Debug|Any CPU.ActiveCfg = Debug|Any CPU
		{15071333-DE19-80C3-B13C-6244878AEA3B}.Debug|Any CPU.Build.0 = Debug|Any CPU
		{15071333-DE19-80C3-B13C-6244878AEA3B}.Release|Any CPU.ActiveCfg = Release|Any CPU
		{15071333-DE19-80C3-B13C-6244878AEA3B}.Release|Any CPU.Build.0 = Release|Any CPU
	EndGlobalSection
	GlobalSection(SolutionProperties) = preSolution
		HideSolutionNode = FALSE
	EndGlobalSection
	GlobalSection(ExtensibilityGlobals) = postSolution
		SolutionGuid = {1083F019-77CC-4F1C-B661-8CF1C4E01125}
	EndGlobalSection
EndGlobal
